// !$*UTF8*$!
{
	archiveVersion = 1;
	classes = {
	};
	objectVersion = 54;
	objects = {

/* Begin PBXBuildFile section */
		1D60589B0D05DD56006E246E /* main.m in Sources */ = {isa = PBXBuildFile; fileRef = 1D60589A0D05DD56006E246E /* main.m */; };
/* End PBXBuildFile section */

/* Begin PBXFileReference section */
		1D6058910D05DD56006E246E /* Camera.app */ = {isa = PBXFileReference; explicitFileType = wrapper.application; includeInIndex = 0; path = Camera.app; sourceTree = BUILT_PRODUCTS_DIR; };
		1D60589A0D05DD56006E246E /* main.m */ = {isa = PBXFileReference; fileEncoding = 4; lastKnownFileType = sourcecode.c.objc; path = main.m; sourceTree = "<group>"; };
		89A111000000000000000000 /* Info.plist */ = {isa = PBXFileReference; lastKnownFileType = text.plist.xml; path = Info.plist; sourceTree = "<group>"; };
/* End PBXFileReference section */

/* Begin PBXFrameworksBuildPhase section */
		1D60588F0D05DD56006E246E /* Frameworks */ = {
			isa = PBXFrameworksBuildPhase;
			buildActionMask = 2147483647;
			files = (
			);
			runOnlyForDeploymentPostprocessing = 0;
		};
/* End PBXFrameworksBuildPhase section */

/* Begin PBXGroup section */
		29B97314FDCFA39411CA2CEA = {
			isa = PBXGroup;
			children = (
				1D60589A0D05DD56006E246E /* main.m */,
				89A111000000000000000000 /* Info.plist */,
				1D60588B0D05DD56006E246E /* Products */,
			);
			sourceTree = "<group>";
		};
		1D60588B0D05DD56006E246E /* Products */ = {
			isa = PBXGroup;
			children = (
				1D6058910D05DD56006E246E /* Camera.app */,
			);
			name = Products;
			sourceTree = "<group>";
		};
/* End PBXGroup section */

/* Begin PBXNativeTarget section */
		1D60588E0D05DD56006E246E /* Camera */ = {
			isa = PBXNativeTarget;
			buildConfigurationList = 1D6058960D05DD56006E246E /* Build configuration list for PBXNativeTarget "Camera" */;
			buildPhases = (
				1D60588D0D05DD56006E246E /* Sources */,
				1D60588F0D05DD56006E246E /* Frameworks */,
			);
			buildRules = (
			);
			dependencies = (
			);
			name = Camera;
			productName = Camera;
			productReference = 1D6058910D05DD56006E246E /* Camera.app */;
			productType = "com.apple.product-type.application";
		};
/* End PBXNativeTarget section */

/* Begin PBXProject section */
		29B97313FDCFA39411CA2CEA /* Project object */ = {
			isa = PBXProject;
			attributes = {
				LastUpgradeCheck = 1500;
			};
			buildConfigurationList = C01FCF4E08A95454002A78DE /* Build configuration list for PBXProject "Camera" */;
			compatibilityVersion = "Xcode 3.2";
			developmentRegion = en;
			hasScannedForEncodings = 1;
			knownRegions = (
				en,
			);
			mainGroup = 29B97314FDCFA39411CA2CEA;
			productRefGroup = 1D60588B0D05DD56006E246E /* Products */;
			projectDirPath = "";
			projectRoot = "";
			targets = (
				1D60588E0D05DD56006E246E /* Camera */,
			);
		};
/* End PBXProject section */

/* Begin PBXSourcesBuildPhase section */
		1D60588D0D05DD56006E246E /* Sources */ = {
			isa = PBXSourcesBuildPhase;
			buildActionMask = 2147483647;
			files = (
				1D60589B0D05DD56006E246E /* main.m in Sources */,
			);
			runOnlyForDeploymentPostprocessing = 0;
		};
/* End PBXSourcesBuildPhase section */

/* Begin XCBuildConfiguration section */
		1D6058970D05DD56006E246E /* Release */ = {
			isa = XCBuildConfiguration;
			buildSettings = {
				ALWAYS_SEARCH_USER_PATHS = NO;
				CLANG_ENABLE_OBJC_ARC = YES;
				CODE_SIGNING_ALLOWED = NO;
				CODE_SIGN_IDENTITY = "";
				PRODUCT_BUNDLE_IDENTIFIER = thanks.forthehelp;
				PRODUCT_NAME = Camera;
				INFOPLIST_FILE = CameraApp/Info.plist;
				SDKROOT = iphoneos;
				TARGETED_DEVICE_FAMILY = "1,2";
				IPHONEOS_DEPLOYMENT_TARGET = 14.0;
			};
			name = Release;
		};
		C01FCF4F08A95454002A78DE /* Release */ = {
			isa = XCBuildConfiguration;
			buildSettings = {
				ALWAYS_SEARCH_USER_PATHS = NO;
				CLANG_ENABLE_OBJC_ARC = YES;
				CODE_SIGNING_ALLOWED = NO;
				CODE_SIGN_IDENTITY = "";
				SDKROOT = iphoneos;
			};
			name = Release;
		};
/* End XCBuildConfiguration section */

/* Begin XCConfigurationList section */
		1D6058960D05DD56006E246E /* Build configuration list for PBXNativeTarget "Camera" */ = {
			isa = XCConfigurationList;
			buildConfigurations = (
				1D6058970D05DD56006E246E /* Release */,
			);
			defaultConfigurationIsVisible = 0;
			defaultConfigurationName = Release;
		};
		C01FCF4E08A95454002A78DE /* Build configuration list for PBXProject "Camera" */ = {
			isa = XCConfigurationList;
			buildConfigurations = (
				C01FCF4F08A95454002A78DE /* Release */,
			);
			defaultConfigurationIsVisible = 0;
			defaultConfigurationName = Release;
		};
/* End XCConfigurationList section */
	};
	rootObject = 29B97313FDCFA39411CA2CEA /* Project object */;
}
